%{"bunt": {:hex, :bunt, "0.1.4"},
  "connection": {:hex, :connection, "1.0.2"},
  "cowboy": {:hex, :cowboy, "1.0.4"},
  "cowlib": {:hex, :cowlib, "1.0.2"},
  "credo": {:hex, :credo, "0.1.10"},
  "db_connection": {:hex, :db_connection, "0.2.3"},
  "decimal": {:hex, :decimal, "1.1.1"},
  "plug": {:hex, :plug, "1.0.3"},
  "poison": {:hex, :poison, "1.5.2"},
  "poolboy": {:hex, :poolboy, "1.5.1"},
  "postgrex": {:hex, :postgrex, "0.11.1"},
  "ranch": {:hex, :ranch, "1.2.1"},
  "remix": {:hex, :remix, "0.0.2"},
  "web_socket": {:git, "https://github.com/gpad/plug-web-socket.git", "2c6ec6f8b389a33cb44d56e89aecee04414cadf0", [branch: "GP_dev"]}}
