%{"bunt": {:hex, :bunt, "0.1.4"},
  "cowboy": {:hex, :cowboy, "1.0.4"},
  "cowlib": {:hex, :cowlib, "1.0.2"},
  "credo": {:hex, :credo, "0.1.10"},
  "plug": {:hex, :plug, "1.0.3"},
  "poison": {:hex, :poison, "1.5.0"},
  "ranch": {:hex, :ranch, "1.2.0"},
  "web_socket": {:git, "https://github.com/gpad/plug-web-socket.git", "782aa97bbd47ea45721c97f0afdcbcc4607afe41", [branch: "upgrade_plug"]}}
